
Microsoft Visual Studio Solution File, Format Version 12.00
# Visual Studio Version 16
VisualStudioVersion = 16.0.30717.126
MinimumVisualStudioVersion = 10.0.40219.1
Project("{FAE04EC0-301F-11D3-BF4B-00C04F79EFBC}") = "BestOil", "BestOil\BestOil.csproj", "{00846CCF-07A4-42E3-BC80-6B255BB29D91}"
EndProject
Global
	GlobalSection(SolutionConfigurationPlatforms) = preSolution
		Debug|Any CPU = Debug|Any CPU
		Release|Any CPU = Release|Any CPU
	EndGlobalSection
	GlobalSection(ProjectConfigurationPlatforms) = postSolution
		{00846CCF-07A4-42E3-BC80-6B255BB29D91}.Debug|Any CPU.ActiveCfg = Debug|Any CPU
		{00846CCF-07A4-42E3-BC80-6B255BB29D91}.Debug|Any CPU.Build.0 = Debug|Any CPU
		{00846CCF-07A4-42E3-BC80-6B255BB29D91}.Release|Any CPU.ActiveCfg = Release|Any CPU
		{00846CCF-07A4-42E3-BC80-6B255BB29D91}.Release|Any CPU.Build.0 = Release|Any CPU
	EndGlobalSection
	GlobalSection(SolutionProperties) = preSolution
		HideSolutionNode = FALSE
	EndGlobalSection
	GlobalSection(ExtensibilityGlobals) = postSolution
		SolutionGuid = {F23A3015-A8AC-4ABB-9046-0688176E8E0B}
	EndGlobalSection
EndGlobal
